
Microsoft Visual Studio Solution File, Format Version 12.00
# Visual Studio Version 17
VisualStudioVersion = 17.7.34202.233
MinimumVisualStudioVersion = 10.0.40219.1
Project("{FAE04EC0-301F-11D3-BF4B-00C04F79EFBC}") = "todoAPI", "todoAPI\todoAPI.csproj", "{D8CEC299-7EA8-40B6-AD92-C7F370BDBB84}"
EndProject
Global
	GlobalSection(SolutionConfigurationPlatforms) = preSolution
		Debug|Any CPU = Debug|Any CPU
		Release|Any CPU = Release|Any CPU
	EndGlobalSection
	GlobalSection(ProjectConfigurationPlatforms) = postSolution
		{D8CEC299-7EA8-40B6-AD92-C7F370BDBB84}.Debug|Any CPU.ActiveCfg = Debug|Any CPU
		{D8CEC299-7EA8-40B6-AD92-C7F370BDBB84}.Debug|Any CPU.Build.0 = Debug|Any CPU
		{D8CEC299-7EA8-40B6-AD92-C7F370BDBB84}.Release|Any CPU.ActiveCfg = Release|Any CPU
		{D8CEC299-7EA8-40B6-AD92-C7F370BDBB84}.Release|Any CPU.Build.0 = Release|Any CPU
	EndGlobalSection
	GlobalSection(SolutionProperties) = preSolution
		HideSolutionNode = FALSE
	EndGlobalSection
	GlobalSection(ExtensibilityGlobals) = postSolution
		SolutionGuid = {D23FADB8-6DA9-4D74-980E-9B8FE122396C}
	EndGlobalSection
EndGlobal
